
Microsoft Visual Studio Solution File, Format Version 12.00
# Visual Studio Version 16
VisualStudioVersion = 16.0.29503.13
MinimumVisualStudioVersion = 10.0.40219.1
Project("{FAE04EC0-301F-11D3-BF4B-00C04F79EFBC}") = "CovalmorPertamina.Web", "CovalmorPertamina.Web\CovalmorPertamina.Web.csproj", "{28F496A4-63D7-4260-A49F-35C4BFF3F9A4}"
EndProject
Project("{FAE04EC0-301F-11D3-BF4B-00C04F79EFBC}") = "CovalmorPertamina.Entity", "CovalmorPertamina.Entity\CovalmorPertamina.Entity.csproj", "{09D2CC37-593C-4021-94B4-089A2B3F4934}"
EndProject
Project("{FAE04EC0-301F-11D3-BF4B-00C04F79EFBC}") = "CovalmorPertamina.Common", "CovalmorPertamina.Common\CovalmorPertamina.Common.csproj", "{E12E8BEB-79CA-4403-834D-D5952C0B3B0B}"
EndProject
Project("{FAE04EC0-301F-11D3-BF4B-00C04F79EFBC}") = "CovalmorPertamina.Testing", "CovalmorPertamina.Testing\CovalmorPertamina.Testing.csproj", "{256468A1-8069-4470-AADE-11E9AFC2AA66}"
EndProject
Global
	GlobalSection(SolutionConfigurationPlatforms) = preSolution
		Debug|Any CPU = Debug|Any CPU
		Release|Any CPU = Release|Any CPU
	EndGlobalSection
	GlobalSection(ProjectConfigurationPlatforms) = postSolution
		{28F496A4-63D7-4260-A49F-35C4BFF3F9A4}.Debug|Any CPU.ActiveCfg = Debug|Any CPU
		{28F496A4-63D7-4260-A49F-35C4BFF3F9A4}.Debug|Any CPU.Build.0 = Debug|Any CPU
		{28F496A4-63D7-4260-A49F-35C4BFF3F9A4}.Release|Any CPU.ActiveCfg = Release|Any CPU
		{28F496A4-63D7-4260-A49F-35C4BFF3F9A4}.Release|Any CPU.Build.0 = Release|Any CPU
		{09D2CC37-593C-4021-94B4-089A2B3F4934}.Debug|Any CPU.ActiveCfg = Debug|Any CPU
		{09D2CC37-593C-4021-94B4-089A2B3F4934}.Debug|Any CPU.Build.0 = Debug|Any CPU
		{09D2CC37-593C-4021-94B4-089A2B3F4934}.Release|Any CPU.ActiveCfg = Release|Any CPU
		{09D2CC37-593C-4021-94B4-089A2B3F4934}.Release|Any CPU.Build.0 = Release|Any CPU
		{E12E8BEB-79CA-4403-834D-D5952C0B3B0B}.Debug|Any CPU.ActiveCfg = Debug|Any CPU
		{E12E8BEB-79CA-4403-834D-D5952C0B3B0B}.Debug|Any CPU.Build.0 = Debug|Any CPU
		{E12E8BEB-79CA-4403-834D-D5952C0B3B0B}.Release|Any CPU.ActiveCfg = Release|Any CPU
		{E12E8BEB-79CA-4403-834D-D5952C0B3B0B}.Release|Any CPU.Build.0 = Release|Any CPU
		{256468A1-8069-4470-AADE-11E9AFC2AA66}.Debug|Any CPU.ActiveCfg = Debug|Any CPU
		{256468A1-8069-4470-AADE-11E9AFC2AA66}.Debug|Any CPU.Build.0 = Debug|Any CPU
		{256468A1-8069-4470-AADE-11E9AFC2AA66}.Release|Any CPU.ActiveCfg = Release|Any CPU
		{256468A1-8069-4470-AADE-11E9AFC2AA66}.Release|Any CPU.Build.0 = Release|Any CPU
	EndGlobalSection
	GlobalSection(SolutionProperties) = preSolution
		HideSolutionNode = FALSE
	EndGlobalSection
	GlobalSection(ExtensibilityGlobals) = postSolution
		SolutionGuid = {31B0BCA1-4D18-45D8-9F7B-AB0040D274CC}
	EndGlobalSection
EndGlobal
